
Microsoft Visual Studio Solution File, Format Version 12.00
# Visual Studio Version 18
VisualStudioVersion = 18.1.11312.151 d18.0
MinimumVisualStudioVersion = 10.0.40219.1
Project("{2150E333-8FDC-42A3-9474-1A3956D46DE8}") = "GameUsersAPI", "GameUsersAPI", "{02EA681E-C7D8-13C7-8484-4AC65E1B71E8}"
EndProject
Project("{FAE04EC0-301F-11D3-BF4B-00C04F79EFBC}") = "GameUsers.API", "GameUsers.API\GameUsers.API.csproj", "{A675BD84-E38D-404C-A738-B9652286C100}"
EndProject
Project("{FAE04EC0-301F-11D3-BF4B-00C04F79EFBC}") = "GameUsers.Communication", "GameUsers.Communication\GameUsers.Communication.csproj", "{AEEA8154-7B70-466C-A8EA-B7DD63FB78A9}"
EndProject
Project("{FAE04EC0-301F-11D3-BF4B-00C04F79EFBC}") = "GameUsers.Exceptions", "GameUsers.Exceptions\GameUsers.Exceptions.csproj", "{04ADA67A-02D3-49D0-8292-F20EC732209A}"
EndProject
Project("{2150E333-8FDC-42A3-9474-1A3956D46DE8}") = "Itens de Solução", "Itens de Solução", "{FC024E83-53A0-4B6A-BF39-B5FBE5A632AE}"
	ProjectSection(SolutionItems) = preProject
		global.json = global.json
	EndProjectSection
EndProject
Global
	GlobalSection(SolutionConfigurationPlatforms) = preSolution
		Debug|Any CPU = Debug|Any CPU
		Release|Any CPU = Release|Any CPU
	EndGlobalSection
	GlobalSection(ProjectConfigurationPlatforms) = postSolution
		{A675BD84-E38D-404C-A738-B9652286C100}.Debug|Any CPU.ActiveCfg = Debug|Any CPU
		{A675BD84-E38D-404C-A738-B9652286C100}.Debug|Any CPU.Build.0 = Debug|Any CPU
		{A675BD84-E38D-404C-A738-B9652286C100}.Release|Any CPU.ActiveCfg = Release|Any CPU
		{A675BD84-E38D-404C-A738-B9652286C100}.Release|Any CPU.Build.0 = Release|Any CPU
		{AEEA8154-7B70-466C-A8EA-B7DD63FB78A9}.Debug|Any CPU.ActiveCfg = Debug|Any CPU
		{AEEA8154-7B70-466C-A8EA-B7DD63FB78A9}.Debug|Any CPU.Build.0 = Debug|Any CPU
		{AEEA8154-7B70-466C-A8EA-B7DD63FB78A9}.Release|Any CPU.ActiveCfg = Release|Any CPU
		{AEEA8154-7B70-466C-A8EA-B7DD63FB78A9}.Release|Any CPU.Build.0 = Release|Any CPU
		{04ADA67A-02D3-49D0-8292-F20EC732209A}.Debug|Any CPU.ActiveCfg = Debug|Any CPU
		{04ADA67A-02D3-49D0-8292-F20EC732209A}.Debug|Any CPU.Build.0 = Debug|Any CPU
		{04ADA67A-02D3-49D0-8292-F20EC732209A}.Release|Any CPU.ActiveCfg = Release|Any CPU
		{04ADA67A-02D3-49D0-8292-F20EC732209A}.Release|Any CPU.Build.0 = Release|Any CPU
	EndGlobalSection
	GlobalSection(SolutionProperties) = preSolution
		HideSolutionNode = FALSE
	EndGlobalSection
	GlobalSection(NestedProjects) = preSolution
		{A675BD84-E38D-404C-A738-B9652286C100} = {02EA681E-C7D8-13C7-8484-4AC65E1B71E8}
		{AEEA8154-7B70-466C-A8EA-B7DD63FB78A9} = {02EA681E-C7D8-13C7-8484-4AC65E1B71E8}
		{04ADA67A-02D3-49D0-8292-F20EC732209A} = {02EA681E-C7D8-13C7-8484-4AC65E1B71E8}
	EndGlobalSection
	GlobalSection(ExtensibilityGlobals) = postSolution
		SolutionGuid = {451E7ADC-4543-47A7-80E9-FAA4A2749D7F}
	EndGlobalSection
EndGlobal
